// !$*UTF8*$!
{
	archiveVersion = 1;
	classes = {
	};
	objectVersion = 46;
	objects = {

/* Begin PBXBuildFile section */
		84743C1F1A3E942600E58427 /* main.m in Sources */ = {isa = PBXBuildFile; fileRef = 84743C1E1A3E942600E58427 /* main.m */; };
		84743C221A3E942600E58427 /* AppDelegate.m in Sources */ = {isa = PBXBuildFile; fileRef = 84743C211A3E942600E58427 /* AppDelegate.m */; };
		84743C251A3E942600E58427 /* ViewController.m in Sources */ = {isa = PBXBuildFile; fileRef = 84743C241A3E942600E58427 /* ViewController.m */; };
		84743C281A3E942600E58427 /* Main.storyboard in Resources */ = {isa = PBXBuildFile; fileRef = 84743C261A3E942600E58427 /* Main.storyboard */; };
		84743C2A1A3E942600E58427 /* Images.xcassets in Resources */ = {isa = PBXBuildFile; fileRef = 84743C291A3E942600E58427 /* Images.xcassets */; };
		84743C2D1A3E942600E58427 /* LaunchScreen.xib in Resources */ = {isa = PBXBuildFile; fileRef = 84743C2B1A3E942600E58427 /* LaunchScreen.xib */; };
		84743C391A3E942700E58427 /* VFL_Visual_format_language_Tests.m in Sources */ = {isa = PBXBuildFile; fileRef = 84743C381A3E942700E58427 /* VFL_Visual_format_language_Tests.m */; };
/* End PBXBuildFile section */

/* Begin PBXContainerItemProxy section */
		84743C331A3E942600E58427 /* PBXContainerItemProxy */ = {
			isa = PBXContainerItemProxy;
			containerPortal = 84743C111A3E942600E58427 /* Project object */;
			proxyType = 1;
			remoteGlobalIDString = 84743C181A3E942600E58427;
			remoteInfo = "VFL(Visual format language)";
		};
/* End PBXContainerItemProxy section */

/* Begin PBXFileReference section */
		84743C191A3E942600E58427 /* VFL(Visual format language).app */ = {isa = PBXFileReference; explicitFileType = wrapper.application; includeInIndex = 0; path = "VFL(Visual format language).app"; sourceTree = BUILT_PRODUCTS_DIR; };
		84743C1D1A3E942600E58427 /* Info.plist */ = {isa = PBXFileReference; lastKnownFileType = text.plist.xml; path = Info.plist; sourceTree = "<group>"; };
		84743C1E1A3E942600E58427 /* main.m */ = {isa = PBXFileReference; lastKnownFileType = sourcecode.c.objc; path = main.m; sourceTree = "<group>"; };
		84743C201A3E942600E58427 /* AppDelegate.h */ = {isa = PBXFileReference; lastKnownFileType = sourcecode.c.h; path = AppDelegate.h; sourceTree = "<group>"; };
		84743C211A3E942600E58427 /* AppDelegate.m */ = {isa = PBXFileReference; lastKnownFileType = sourcecode.c.objc; path = AppDelegate.m; sourceTree = "<group>"; };
		84743C231A3E942600E58427 /* ViewController.h */ = {isa = PBXFileReference; lastKnownFileType = sourcecode.c.h; path = ViewController.h; sourceTree = "<group>"; };
		84743C241A3E942600E58427 /* ViewController.m */ = {isa = PBXFileReference; lastKnownFileType = sourcecode.c.objc; path = ViewController.m; sourceTree = "<group>"; };
		84743C271A3E942600E58427 /* Base */ = {isa = PBXFileReference; lastKnownFileType = file.storyboard; name = Base; path = Base.lproj/Main.storyboard; sourceTree = "<group>"; };
		84743C291A3E942600E58427 /* Images.xcassets */ = {isa = PBXFileReference; lastKnownFileType = folder.assetcatalog; path = Images.xcassets; sourceTree = "<group>"; };
		84743C2C1A3E942600E58427 /* Base */ = {isa = PBXFileReference; lastKnownFileType = file.xib; name = Base; path = Base.lproj/LaunchScreen.xib; sourceTree = "<group>"; };
		84743C321A3E942600E58427 /* VFL(Visual format language)Tests.xctest */ = {isa = PBXFileReference; explicitFileType = wrapper.cfbundle; includeInIndex = 0; path = "VFL(Visual format language)Tests.xctest"; sourceTree = BUILT_PRODUCTS_DIR; };
		84743C371A3E942700E58427 /* Info.plist */ = {isa = PBXFileReference; lastKnownFileType = text.plist.xml; path = Info.plist; sourceTree = "<group>"; };
		84743C381A3E942700E58427 /* VFL_Visual_format_language_Tests.m */ = {isa = PBXFileReference; lastKnownFileType = sourcecode.c.objc; path = VFL_Visual_format_language_Tests.m; sourceTree = "<group>"; };
/* End PBXFileReference section */

/* Begin PBXFrameworksBuildPhase section */
		84743C161A3E942600E58427 /* Frameworks */ = {
			isa = PBXFrameworksBuildPhase;
			buildActionMask = 2147483647;
			files = (
			);
			runOnlyForDeploymentPostprocessing = 0;
		};
		84743C2F1A3E942600E58427 /* Frameworks */ = {
			isa = PBXFrameworksBuildPhase;
			buildActionMask = 2147483647;
			files = (
			);
			runOnlyForDeploymentPostprocessing = 0;
		};
/* End PBXFrameworksBuildPhase section */

/* Begin PBXGroup section */
		84743C101A3E942600E58427 = {
			isa = PBXGroup;
			children = (
				84743C1B1A3E942600E58427 /* VFL(Visual format language) */,
				84743C351A3E942600E58427 /* VFL(Visual format language)Tests */,
				84743C1A1A3E942600E58427 /* Products */,
			);
			sourceTree = "<group>";
		};
		84743C1A1A3E942600E58427 /* Products */ = {
			isa = PBXGroup;
			children = (
				84743C191A3E942600E58427 /* VFL(Visual format language).app */,
				84743C321A3E942600E58427 /* VFL(Visual format language)Tests.xctest */,
			);
			name = Products;
			sourceTree = "<group>";
		};
		84743C1B1A3E942600E58427 /* VFL(Visual format language) */ = {
			isa = PBXGroup;
			children = (
				84743C201A3E942600E58427 /* AppDelegate.h */,
				84743C211A3E942600E58427 /* AppDelegate.m */,
				84743C231A3E942600E58427 /* ViewController.h */,
				84743C241A3E942600E58427 /* ViewController.m */,
				84743C261A3E942600E58427 /* Main.storyboard */,
				84743C291A3E942600E58427 /* Images.xcassets */,
				84743C2B1A3E942600E58427 /* LaunchScreen.xib */,
				84743C1C1A3E942600E58427 /* Supporting Files */,
			);
			path = "VFL(Visual format language)";
			sourceTree = "<group>";
		};
		84743C1C1A3E942600E58427 /* Supporting Files */ = {
			isa = PBXGroup;
			children = (
				84743C1D1A3E942600E58427 /* Info.plist */,
				84743C1E1A3E942600E58427 /* main.m */,
			);
			name = "Supporting Files";
			sourceTree = "<group>";
		};
		84743C351A3E942600E58427 /* VFL(Visual format language)Tests */ = {
			isa = PBXGroup;
			children = (
				84743C381A3E942700E58427 /* VFL_Visual_format_language_Tests.m */,
				84743C361A3E942600E58427 /* Supporting Files */,
			);
			path = "VFL(Visual format language)Tests";
			sourceTree = "<group>";
		};
		84743C361A3E942600E58427 /* Supporting Files */ = {
			isa = PBXGroup;
			children = (
				84743C371A3E942700E58427 /* Info.plist */,
			);
			name = "Supporting Files";
			sourceTree = "<group>";
		};
/* End PBXGroup section */

/* Begin PBXNativeTarget section */
		84743C181A3E942600E58427 /* VFL(Visual format language) */ = {
			isa = PBXNativeTarget;
			buildConfigurationList = 84743C3C1A3E942700E58427 /* Build configuration list for PBXNativeTarget "VFL(Visual format language)" */;
			buildPhases = (
				84743C151A3E942600E58427 /* Sources */,
				84743C161A3E942600E58427 /* Frameworks */,
				84743C171A3E942600E58427 /* Resources */,
			);
			buildRules = (
			);
			dependencies = (
			);
			name = "VFL(Visual format language)";
			productName = "VFL(Visual format language)";
			productReference = 84743C191A3E942600E58427 /* VFL(Visual format language).app */;
			productType = "com.apple.product-type.application";
		};
		84743C311A3E942600E58427 /* VFL(Visual format language)Tests */ = {
			isa = PBXNativeTarget;
			buildConfigurationList = 84743C3F1A3E942700E58427 /* Build configuration list for PBXNativeTarget "VFL(Visual format language)Tests" */;
			buildPhases = (
				84743C2E1A3E942600E58427 /* Sources */,
				84743C2F1A3E942600E58427 /* Frameworks */,
				84743C301A3E942600E58427 /* Resources */,
			);
			buildRules = (
			);
			dependencies = (
				84743C341A3E942600E58427 /* PBXTargetDependency */,
			);
			name = "VFL(Visual format language)Tests";
			productName = "VFL(Visual format language)Tests";
			productReference = 84743C321A3E942600E58427 /* VFL(Visual format language)Tests.xctest */;
			productType = "com.apple.product-type.bundle.unit-test";
		};
/* End PBXNativeTarget section */

/* Begin PBXProject section */
		84743C111A3E942600E58427 /* Project object */ = {
			isa = PBXProject;
			attributes = {
				LastUpgradeCheck = 0610;
				ORGANIZATIONNAME = jianleer;
				TargetAttributes = {
					84743C181A3E942600E58427 = {
						CreatedOnToolsVersion = 6.1;
					};
					84743C311A3E942600E58427 = {
						CreatedOnToolsVersion = 6.1;
						TestTargetID = 84743C181A3E942600E58427;
					};
				};
			};
			buildConfigurationList = 84743C141A3E942600E58427 /* Build configuration list for PBXProject "VFL(Visual format language)" */;
			compatibilityVersion = "Xcode 3.2";
			developmentRegion = English;
			hasScannedForEncodings = 0;
			knownRegions = (
				en,
				Base,
			);
			mainGroup = 84743C101A3E942600E58427;
			productRefGroup = 84743C1A1A3E942600E58427 /* Products */;
			projectDirPath = "";
			projectRoot = "";
			targets = (
				84743C181A3E942600E58427 /* VFL(Visual format language) */,
				84743C311A3E942600E58427 /* VFL(Visual format language)Tests */,
			);
		};
/* End PBXProject section */

/* Begin PBXResourcesBuildPhase section */
		84743C171A3E942600E58427 /* Resources */ = {
			isa = PBXResourcesBuildPhase;
			buildActionMask = 2147483647;
			files = (
				84743C281A3E942600E58427 /* Main.storyboard in Resources */,
				84743C2D1A3E942600E58427 /* LaunchScreen.xib in Resources */,
				84743C2A1A3E942600E58427 /* Images.xcassets in Resources */,
			);
			runOnlyForDeploymentPostprocessing = 0;
		};
		84743C301A3E942600E58427 /* Resources */ = {
			isa = PBXResourcesBuildPhase;
			buildActionMask = 2147483647;
			files = (
			);
			runOnlyForDeploymentPostprocessing = 0;
		};
/* End PBXResourcesBuildPhase section */

/* Begin PBXSourcesBuildPhase section */
		84743C151A3E942600E58427 /* Sources */ = {
			isa = PBXSourcesBuildPhase;
			buildActionMask = 2147483647;
			files = (
				84743C251A3E942600E58427 /* ViewController.m in Sources */,
				84743C221A3E942600E58427 /* AppDelegate.m in Sources */,
				84743C1F1A3E942600E58427 /* main.m in Sources */,
			);
			runOnlyForDeploymentPostprocessing = 0;
		};
		84743C2E1A3E942600E58427 /* Sources */ = {
			isa = PBXSourcesBuildPhase;
			buildActionMask = 2147483647;
			files = (
				84743C391A3E942700E58427 /* VFL_Visual_format_language_Tests.m in Sources */,
			);
			runOnlyForDeploymentPostprocessing = 0;
		};
/* End PBXSourcesBuildPhase section */

/* Begin PBXTargetDependency section */
		84743C341A3E942600E58427 /* PBXTargetDependency */ = {
			isa = PBXTargetDependency;
			target = 84743C181A3E942600E58427 /* VFL(Visual format language) */;
			targetProxy = 84743C331A3E942600E58427 /* PBXContainerItemProxy */;
		};
/* End PBXTargetDependency section */

/* Begin PBXVariantGroup section */
		84743C261A3E942600E58427 /* Main.storyboard */ = {
			isa = PBXVariantGroup;
			children = (
				84743C271A3E942600E58427 /* Base */,
			);
			name = Main.storyboard;
			sourceTree = "<group>";
		};
		84743C2B1A3E942600E58427 /* LaunchScreen.xib */ = {
			isa = PBXVariantGroup;
			children = (
				84743C2C1A3E942600E58427 /* Base */,
			);
			name = LaunchScreen.xib;
			sourceTree = "<group>";
		};
/* End PBXVariantGroup section */

/* Begin XCBuildConfiguration section */
		84743C3A1A3E942700E58427 /* Debug */ = {
			isa = XCBuildConfiguration;
			buildSettings = {
				ALWAYS_SEARCH_USER_PATHS = NO;
				CLANG_CXX_LANGUAGE_STANDARD = "gnu++0x";
				CLANG_CXX_LIBRARY = "libc++";
				CLANG_ENABLE_MODULES = YES;
				CLANG_ENABLE_OBJC_ARC = YES;
				CLANG_WARN_BOOL_CONVERSION = YES;
				CLANG_WARN_CONSTANT_CONVERSION = YES;
				CLANG_WARN_DIRECT_OBJC_ISA_USAGE = YES_ERROR;
				CLANG_WARN_EMPTY_BODY = YES;
				CLANG_WARN_ENUM_CONVERSION = YES;
				CLANG_WARN_INT_CONVERSION = YES;
				CLANG_WARN_OBJC_ROOT_CLASS = YES_ERROR;
				CLANG_WARN_UNREACHABLE_CODE = YES;
				CLANG_WARN__DUPLICATE_METHOD_MATCH = YES;
				"CODE_SIGN_IDENTITY[sdk=iphoneos*]" = "iPhone Developer";
				COPY_PHASE_STRIP = NO;
				ENABLE_STRICT_OBJC_MSGSEND = YES;
				GCC_C_LANGUAGE_STANDARD = gnu99;
				GCC_DYNAMIC_NO_PIC = NO;
				GCC_OPTIMIZATION_LEVEL = 0;
				GCC_PREPROCESSOR_DEFINITIONS = (
					"DEBUG=1",
					"$(inherited)",
				);
				GCC_SYMBOLS_PRIVATE_EXTERN = NO;
				GCC_WARN_64_TO_32_BIT_CONVERSION = YES;
				GCC_WARN_ABOUT_RETURN_TYPE = YES_ERROR;
				GCC_WARN_UNDECLARED_SELECTOR = YES;
				GCC_WARN_UNINITIALIZED_AUTOS = YES_AGGRESSIVE;
				GCC_WARN_UNUSED_FUNCTION = YES;
				GCC_WARN_UNUSED_VARIABLE = YES;
				IPHONEOS_DEPLOYMENT_TARGET = 8.1;
				MTL_ENABLE_DEBUG_INFO = YES;
				ONLY_ACTIVE_ARCH = YES;
				SDKROOT = iphoneos;
			};
			name = Debug;
		};
		84743C3B1A3E942700E58427 /* Release */ = {
			isa = XCBuildConfiguration;
			buildSettings = {
				ALWAYS_SEARCH_USER_PATHS = NO;
				CLANG_CXX_LANGUAGE_STANDARD = "gnu++0x";
				CLANG_CXX_LIBRARY = "libc++";
				CLANG_ENABLE_MODULES = YES;
				CLANG_ENABLE_OBJC_ARC = YES;
				CLANG_WARN_BOOL_CONVERSION = YES;
				CLANG_WARN_CONSTANT_CONVERSION = YES;
				CLANG_WARN_DIRECT_OBJC_ISA_USAGE = YES_ERROR;
				CLANG_WARN_EMPTY_BODY = YES;
				CLANG_WARN_ENUM_CONVERSION = YES;
				CLANG_WARN_INT_CONVERSION = YES;
				CLANG_WARN_OBJC_ROOT_CLASS = YES_ERROR;
				CLANG_WARN_UNREACHABLE_CODE = YES;
				CLANG_WARN__DUPLICATE_METHOD_MATCH = YES;
				"CODE_SIGN_IDENTITY[sdk=iphoneos*]" = "iPhone Developer";
				COPY_PHASE_STRIP = YES;
				ENABLE_NS_ASSERTIONS = NO;
				ENABLE_STRICT_OBJC_MSGSEND = YES;
				GCC_C_LANGUAGE_STANDARD = gnu99;
				GCC_WARN_64_TO_32_BIT_CONVERSION = YES;
				GCC_WARN_ABOUT_RETURN_TYPE = YES_ERROR;
				GCC_WARN_UNDECLARED_SELECTOR = YES;
				GCC_WARN_UNINITIALIZED_AUTOS = YES_AGGRESSIVE;
				GCC_WARN_UNUSED_FUNCTION = YES;
				GCC_WARN_UNUSED_VARIABLE = YES;
				IPHONEOS_DEPLOYMENT_TARGET = 8.1;
				MTL_ENABLE_DEBUG_INFO = NO;
				SDKROOT = iphoneos;
				VALIDATE_PRODUCT = YES;
			};
			name = Release;
		};
		84743C3D1A3E942700E58427 /* Debug */ = {
			isa = XCBuildConfiguration;
			buildSettings = {
				ASSETCATALOG_COMPILER_APPICON_NAME = AppIcon;
				INFOPLIST_FILE = "VFL(Visual format language)/Info.plist";
				LD_RUNPATH_SEARCH_PATHS = "$(inherited) @executable_path/Frameworks";
				PRODUCT_NAME = "$(TARGET_NAME)";
			};
			name = Debug;
		};
		84743C3E1A3E942700E58427 /* Release */ = {
			isa = XCBuildConfiguration;
			buildSettings = {
				ASSETCATALOG_COMPILER_APPICON_NAME = AppIcon;
				INFOPLIST_FILE = "VFL(Visual format language)/Info.plist";
				LD_RUNPATH_SEARCH_PATHS = "$(inherited) @executable_path/Frameworks";
				PRODUCT_NAME = "$(TARGET_NAME)";
			};
			name = Release;
		};
		84743C401A3E942700E58427 /* Debug */ = {
			isa = XCBuildConfiguration;
			buildSettings = {
				BUNDLE_LOADER = "$(TEST_HOST)";
				FRAMEWORK_SEARCH_PATHS = (
					"$(SDKROOT)/Developer/Library/Frameworks",
					"$(inherited)",
				);
				GCC_PREPROCESSOR_DEFINITIONS = (
					"DEBUG=1",
					"$(inherited)",
				);
				INFOPLIST_FILE = "VFL(Visual format language)Tests/Info.plist";
				LD_RUNPATH_SEARCH_PATHS = "$(inherited) @executable_path/Frameworks @loader_path/Frameworks";
				PRODUCT_NAME = "$(TARGET_NAME)";
				TEST_HOST = "$(BUILT_PRODUCTS_DIR)/VFL(Visual format language).app/VFL(Visual format language)";
			};
			name = Debug;
		};
		84743C411A3E942700E58427 /* Release */ = {
			isa = XCBuildConfiguration;
			buildSettings = {
				BUNDLE_LOADER = "$(TEST_HOST)";
				FRAMEWORK_SEARCH_PATHS = (
					"$(SDKROOT)/Developer/Library/Frameworks",
					"$(inherited)",
				);
				INFOPLIST_FILE = "VFL(Visual format language)Tests/Info.plist";
				LD_RUNPATH_SEARCH_PATHS = "$(inherited) @executable_path/Frameworks @loader_path/Frameworks";
				PRODUCT_NAME = "$(TARGET_NAME)";
				TEST_HOST = "$(BUILT_PRODUCTS_DIR)/VFL(Visual format language).app/VFL(Visual format language)";
			};
			name = Release;
		};
/* End XCBuildConfiguration section */

/* Begin XCConfigurationList section */
		84743C141A3E942600E58427 /* Build configuration list for PBXProject "VFL(Visual format language)" */ = {
			isa = XCConfigurationList;
			buildConfigurations = (
				84743C3A1A3E942700E58427 /* Debug */,
				84743C3B1A3E942700E58427 /* Release */,
			);
			defaultConfigurationIsVisible = 0;
			defaultConfigurationName = Release;
		};
		84743C3C1A3E942700E58427 /* Build configuration list for PBXNativeTarget "VFL(Visual format language)" */ = {
			isa = XCConfigurationList;
			buildConfigurations = (
				84743C3D1A3E942700E58427 /* Debug */,
				84743C3E1A3E942700E58427 /* Release */,
			);
			defaultConfigurationIsVisible = 0;
		};
		84743C3F1A3E942700E58427 /* Build configuration list for PBXNativeTarget "VFL(Visual format language)Tests" */ = {
			isa = XCConfigurationList;
			buildConfigurations = (
				84743C401A3E942700E58427 /* Debug */,
				84743C411A3E942700E58427 /* Release */,
			);
			defaultConfigurationIsVisible = 0;
		};
/* End XCConfigurationList section */
	};
	rootObject = 84743C111A3E942600E58427 /* Project object */;
}
